// !$*UTF8*$!
{
	archiveVersion = 1;
	classes = {
	};
	objectVersion = 46;
	objects = {

/* Begin PBXBuildFile section */
		BDF8B3D71C4FF7660044F450 /* AppDelegate.swift in Sources */ = {isa = PBXBuildFile; fileRef = BDF8B3D61C4FF7660044F450 /* AppDelegate.swift */; };
		BDF8B3D91C4FF7660044F450 /* ViewController.swift in Sources */ = {isa = PBXBuildFile; fileRef = BDF8B3D81C4FF7660044F450 /* ViewController.swift */; };
		BDF8B3DC1C4FF7660044F450 /* Main.storyboard in Resources */ = {isa = PBXBuildFile; fileRef = BDF8B3DA1C4FF7660044F450 /* Main.storyboard */; };
		BDF8B3DE1C4FF7660044F450 /* Assets.xcassets in Resources */ = {isa = PBXBuildFile; fileRef = BDF8B3DD1C4FF7660044F450 /* Assets.xcassets */; };
		BDF8B3E11C4FF7660044F450 /* LaunchScreen.storyboard in Resources */ = {isa = PBXBuildFile; fileRef = BDF8B3DF1C4FF7660044F450 /* LaunchScreen.storyboard */; };
		BDF8B3E91C5089FC0044F450 /* Minecraft.ttf in Resources */ = {isa = PBXBuildFile; fileRef = BDF8B3E81C5089FC0044F450 /* Minecraft.ttf */; };
		BDF8B3EB1C509AEF0044F450 /* btn.wav in Resources */ = {isa = PBXBuildFile; fileRef = BDF8B3EA1C509AEF0044F450 /* btn.wav */; };
/* End PBXBuildFile section */

/* Begin PBXFileReference section */
		BDF8B3D31C4FF7660044F450 /* Retro Calculator.app */ = {isa = PBXFileReference; explicitFileType = wrapper.application; includeInIndex = 0; path = "Retro Calculator.app"; sourceTree = BUILT_PRODUCTS_DIR; };
		BDF8B3D61C4FF7660044F450 /* AppDelegate.swift */ = {isa = PBXFileReference; lastKnownFileType = sourcecode.swift; path = AppDelegate.swift; sourceTree = "<group>"; };
		BDF8B3D81C4FF7660044F450 /* ViewController.swift */ = {isa = PBXFileReference; lastKnownFileType = sourcecode.swift; path = ViewController.swift; sourceTree = "<group>"; };
		BDF8B3DB1C4FF7660044F450 /* Base */ = {isa = PBXFileReference; lastKnownFileType = file.storyboard; name = Base; path = Base.lproj/Main.storyboard; sourceTree = "<group>"; };
		BDF8B3DD1C4FF7660044F450 /* Assets.xcassets */ = {isa = PBXFileReference; lastKnownFileType = folder.assetcatalog; path = Assets.xcassets; sourceTree = "<group>"; };
		BDF8B3E01C4FF7660044F450 /* Base */ = {isa = PBXFileReference; lastKnownFileType = file.storyboard; name = Base; path = Base.lproj/LaunchScreen.storyboard; sourceTree = "<group>"; };
		BDF8B3E21C4FF7660044F450 /* Info.plist */ = {isa = PBXFileReference; lastKnownFileType = text.plist.xml; path = Info.plist; sourceTree = "<group>"; };
		BDF8B3E81C5089FC0044F450 /* Minecraft.ttf */ = {isa = PBXFileReference; lastKnownFileType = file; path = Minecraft.ttf; sourceTree = "<group>"; };
		BDF8B3EA1C509AEF0044F450 /* btn.wav */ = {isa = PBXFileReference; lastKnownFileType = audio.wav; path = btn.wav; sourceTree = "<group>"; };
/* End PBXFileReference section */

/* Begin PBXFrameworksBuildPhase section */
		BDF8B3D01C4FF7660044F450 /* Frameworks */ = {
			isa = PBXFrameworksBuildPhase;
			buildActionMask = 2147483647;
			files = (
			);
			runOnlyForDeploymentPostprocessing = 0;
		};
/* End PBXFrameworksBuildPhase section */

/* Begin PBXGroup section */
		BDF8B3CA1C4FF7660044F450 = {
			isa = PBXGroup;
			children = (
				BDF8B3D51C4FF7660044F450 /* Retro Calculator */,
				BDF8B3D41C4FF7660044F450 /* Products */,
			);
			sourceTree = "<group>";
		};
		BDF8B3D41C4FF7660044F450 /* Products */ = {
			isa = PBXGroup;
			children = (
				BDF8B3D31C4FF7660044F450 /* Retro Calculator.app */,
			);
			name = Products;
			sourceTree = "<group>";
		};
		BDF8B3D51C4FF7660044F450 /* Retro Calculator */ = {
			isa = PBXGroup;
			children = (
				BDF8B3D61C4FF7660044F450 /* AppDelegate.swift */,
				BDF8B3E81C5089FC0044F450 /* Minecraft.ttf */,
				BDF8B3EA1C509AEF0044F450 /* btn.wav */,
				BDF8B3D81C4FF7660044F450 /* ViewController.swift */,
				BDF8B3DA1C4FF7660044F450 /* Main.storyboard */,
				BDF8B3DD1C4FF7660044F450 /* Assets.xcassets */,
				BDF8B3DF1C4FF7660044F450 /* LaunchScreen.storyboard */,
				BDF8B3E21C4FF7660044F450 /* Info.plist */,
			);
			path = "Retro Calculator";
			sourceTree = "<group>";
		};
/* End PBXGroup section */

/* Begin PBXNativeTarget section */
		BDF8B3D21C4FF7660044F450 /* Retro Calculator */ = {
			isa = PBXNativeTarget;
			buildConfigurationList = BDF8B3E51C4FF7660044F450 /* Build configuration list for PBXNativeTarget "Retro Calculator" */;
			buildPhases = (
				BDF8B3CF1C4FF7660044F450 /* Sources */,
				BDF8B3D01C4FF7660044F450 /* Frameworks */,
				BDF8B3D11C4FF7660044F450 /* Resources */,
			);
			buildRules = (
			);
			dependencies = (
			);
			name = "Retro Calculator";
			productName = "Retro Calculator";
			productReference = BDF8B3D31C4FF7660044F450 /* Retro Calculator.app */;
			productType = "com.apple.product-type.application";
		};
/* End PBXNativeTarget section */

/* Begin PBXProject section */
		BDF8B3CB1C4FF7660044F450 /* Project object */ = {
			isa = PBXProject;
			attributes = {
				LastSwiftUpdateCheck = 0720;
				LastUpgradeCheck = 0720;
				ORGANIZATIONNAME = "Digimark Technical Solutions";
				TargetAttributes = {
					BDF8B3D21C4FF7660044F450 = {
						CreatedOnToolsVersion = 7.2;
					};
				};
			};
			buildConfigurationList = BDF8B3CE1C4FF7660044F450 /* Build configuration list for PBXProject "Retro Calculator" */;
			compatibilityVersion = "Xcode 3.2";
			developmentRegion = English;
			hasScannedForEncodings = 0;
			knownRegions = (
				en,
				Base,
			);
			mainGroup = BDF8B3CA1C4FF7660044F450;
			productRefGroup = BDF8B3D41C4FF7660044F450 /* Products */;
			projectDirPath = "";
			projectRoot = "";
			targets = (
				BDF8B3D21C4FF7660044F450 /* Retro Calculator */,
			);
		};
/* End PBXProject section */

/* Begin PBXResourcesBuildPhase section */
		BDF8B3D11C4FF7660044F450 /* Resources */ = {
			isa = PBXResourcesBuildPhase;
			buildActionMask = 2147483647;
			files = (
				BDF8B3EB1C509AEF0044F450 /* btn.wav in Resources */,
				BDF8B3E11C4FF7660044F450 /* LaunchScreen.storyboard in Resources */,
				BDF8B3DE1C4FF7660044F450 /* Assets.xcassets in Resources */,
				BDF8B3E91C5089FC0044F450 /* Minecraft.ttf in Resources */,
				BDF8B3DC1C4FF7660044F450 /* Main.storyboard in Resources */,
			);
			runOnlyForDeploymentPostprocessing = 0;
		};
/* End PBXResourcesBuildPhase section */

/* Begin PBXSourcesBuildPhase section */
		BDF8B3CF1C4FF7660044F450 /* Sources */ = {
			isa = PBXSourcesBuildPhase;
			buildActionMask = 2147483647;
			files = (
				BDF8B3D91C4FF7660044F450 /* ViewController.swift in Sources */,
				BDF8B3D71C4FF7660044F450 /* AppDelegate.swift in Sources */,
			);
			runOnlyForDeploymentPostprocessing = 0;
		};
/* End PBXSourcesBuildPhase section */

/* Begin PBXVariantGroup section */
		BDF8B3DA1C4FF7660044F450 /* Main.storyboard */ = {
			isa = PBXVariantGroup;
			children = (
				BDF8B3DB1C4FF7660044F450 /* Base */,
			);
			name = Main.storyboard;
			sourceTree = "<group>";
		};
		BDF8B3DF1C4FF7660044F450 /* LaunchScreen.storyboard */ = {
			isa = PBXVariantGroup;
			children = (
				BDF8B3E01C4FF7660044F450 /* Base */,
			);
			name = LaunchScreen.storyboard;
			sourceTree = "<group>";
		};
/* End PBXVariantGroup section */

/* Begin XCBuildConfiguration section */
		BDF8B3E31C4FF7660044F450 /* Debug */ = {
			isa = XCBuildConfiguration;
			buildSettings = {
				ALWAYS_SEARCH_USER_PATHS = NO;
				CLANG_CXX_LANGUAGE_STANDARD = "gnu++0x";
				CLANG_CXX_LIBRARY = "libc++";
				CLANG_ENABLE_MODULES = YES;
				CLANG_ENABLE_OBJC_ARC = YES;
				CLANG_WARN_BOOL_CONVERSION = YES;
				CLANG_WARN_CONSTANT_CONVERSION = YES;
				CLANG_WARN_DIRECT_OBJC_ISA_USAGE = YES_ERROR;
				CLANG_WARN_EMPTY_BODY = YES;
				CLANG_WARN_ENUM_CONVERSION = YES;
				CLANG_WARN_INT_CONVERSION = YES;
				CLANG_WARN_OBJC_ROOT_CLASS = YES_ERROR;
				CLANG_WARN_UNREACHABLE_CODE = YES;
				CLANG_WARN__DUPLICATE_METHOD_MATCH = YES;
				"CODE_SIGN_IDENTITY[sdk=iphoneos*]" = "iPhone Developer";
				COPY_PHASE_STRIP = NO;
				DEBUG_INFORMATION_FORMAT = dwarf;
				ENABLE_STRICT_OBJC_MSGSEND = YES;
				ENABLE_TESTABILITY = YES;
				GCC_C_LANGUAGE_STANDARD = gnu99;
				GCC_DYNAMIC_NO_PIC = NO;
				GCC_NO_COMMON_BLOCKS = YES;
				GCC_OPTIMIZATION_LEVEL = 0;
				GCC_PREPROCESSOR_DEFINITIONS = (
					"DEBUG=1",
					"$(inherited)",
				);
				GCC_WARN_64_TO_32_BIT_CONVERSION = YES;
				GCC_WARN_ABOUT_RETURN_TYPE = YES_ERROR;
				GCC_WARN_UNDECLARED_SELECTOR = YES;
				GCC_WARN_UNINITIALIZED_AUTOS = YES_AGGRESSIVE;
				GCC_WARN_UNUSED_FUNCTION = YES;
				GCC_WARN_UNUSED_VARIABLE = YES;
				IPHONEOS_DEPLOYMENT_TARGET = 9.2;
				MTL_ENABLE_DEBUG_INFO = YES;
				ONLY_ACTIVE_ARCH = YES;
				SDKROOT = iphoneos;
				SWIFT_OPTIMIZATION_LEVEL = "-Onone";
			};
			name = Debug;
		};
		BDF8B3E41C4FF7660044F450 /* Release */ = {
			isa = XCBuildConfiguration;
			buildSettings = {
				ALWAYS_SEARCH_USER_PATHS = NO;
				CLANG_CXX_LANGUAGE_STANDARD = "gnu++0x";
				CLANG_CXX_LIBRARY = "libc++";
				CLANG_ENABLE_MODULES = YES;
				CLANG_ENABLE_OBJC_ARC = YES;
				CLANG_WARN_BOOL_CONVERSION = YES;
				CLANG_WARN_CONSTANT_CONVERSION = YES;
				CLANG_WARN_DIRECT_OBJC_ISA_USAGE = YES_ERROR;
				CLANG_WARN_EMPTY_BODY = YES;
				CLANG_WARN_ENUM_CONVERSION = YES;
				CLANG_WARN_INT_CONVERSION = YES;
				CLANG_WARN_OBJC_ROOT_CLASS = YES_ERROR;
				CLANG_WARN_UNREACHABLE_CODE = YES;
				CLANG_WARN__DUPLICATE_METHOD_MATCH = YES;
				"CODE_SIGN_IDENTITY[sdk=iphoneos*]" = "iPhone Developer";
				COPY_PHASE_STRIP = NO;
				DEBUG_INFORMATION_FORMAT = "dwarf-with-dsym";
				ENABLE_NS_ASSERTIONS = NO;
				ENABLE_STRICT_OBJC_MSGSEND = YES;
				GCC_C_LANGUAGE_STANDARD = gnu99;
				GCC_NO_COMMON_BLOCKS = YES;
				GCC_WARN_64_TO_32_BIT_CONVERSION = YES;
				GCC_WARN_ABOUT_RETURN_TYPE = YES_ERROR;
				GCC_WARN_UNDECLARED_SELECTOR = YES;
				GCC_WARN_UNINITIALIZED_AUTOS = YES_AGGRESSIVE;
				GCC_WARN_UNUSED_FUNCTION = YES;
				GCC_WARN_UNUSED_VARIABLE = YES;
				IPHONEOS_DEPLOYMENT_TARGET = 9.2;
				MTL_ENABLE_DEBUG_INFO = NO;
				SDKROOT = iphoneos;
				VALIDATE_PRODUCT = YES;
			};
			name = Release;
		};
		BDF8B3E61C4FF7660044F450 /* Debug */ = {
			isa = XCBuildConfiguration;
			buildSettings = {
				ASSETCATALOG_COMPILER_APPICON_NAME = AppIcon;
				INFOPLIST_FILE = "Retro Calculator/Info.plist";
				LD_RUNPATH_SEARCH_PATHS = "$(inherited) @executable_path/Frameworks";
				PRODUCT_BUNDLE_IDENTIFIER = "com.digimarktech.Retro-Calculator";
				PRODUCT_NAME = "$(TARGET_NAME)";
			};
			name = Debug;
		};
		BDF8B3E71C4FF7660044F450 /* Release */ = {
			isa = XCBuildConfiguration;
			buildSettings = {
				ASSETCATALOG_COMPILER_APPICON_NAME = AppIcon;
				INFOPLIST_FILE = "Retro Calculator/Info.plist";
				LD_RUNPATH_SEARCH_PATHS = "$(inherited) @executable_path/Frameworks";
				PRODUCT_BUNDLE_IDENTIFIER = "com.digimarktech.Retro-Calculator";
				PRODUCT_NAME = "$(TARGET_NAME)";
			};
			name = Release;
		};
/* End XCBuildConfiguration section */

/* Begin XCConfigurationList section */
		BDF8B3CE1C4FF7660044F450 /* Build configuration list for PBXProject "Retro Calculator" */ = {
			isa = XCConfigurationList;
			buildConfigurations = (
				BDF8B3E31C4FF7660044F450 /* Debug */,
				BDF8B3E41C4FF7660044F450 /* Release */,
			);
			defaultConfigurationIsVisible = 0;
			defaultConfigurationName = Release;
		};
		BDF8B3E51C4FF7660044F450 /* Build configuration list for PBXNativeTarget "Retro Calculator" */ = {
			isa = XCConfigurationList;
			buildConfigurations = (
				BDF8B3E61C4FF7660044F450 /* Debug */,
				BDF8B3E71C4FF7660044F450 /* Release */,
			);
			defaultConfigurationIsVisible = 0;
		};
/* End XCConfigurationList section */
	};
	rootObject = BDF8B3CB1C4FF7660044F450 /* Project object */;
}
